
Microsoft Visual Studio Solution File, Format Version 12.00
# Visual Studio Version 17
VisualStudioVersion = 17.0.31903.59
MinimumVisualStudioVersion = 10.0.40219.1
Project("{2150E333-8FDC-42A3-9474-1A3956D46DE8}") = "src", "src", "{5ACAF300-C0F5-41D5-931C-6286FB67B4F6}"
EndProject
Project("{2150E333-8FDC-42A3-9474-1A3956D46DE8}") = "contracts", "contracts", "{16D879E1-0FD0-4AC2-92E0-3D61493327BF}"
EndProject
Project("{FAE04EC0-301F-11D3-BF4B-00C04F79EFBC}") = "Tasker.Contracts", "src\contracts\Tasker.Contracts\Tasker.Contracts.csproj", "{CBA7DDBF-6380-40B0-A80D-A33B0DA26D2A}"
EndProject
Project("{2150E333-8FDC-42A3-9474-1A3956D46DE8}") = "shared", "shared", "{AFE10B25-6F09-419E-95FB-38E2E51D19D0}"
EndProject
Project("{FAE04EC0-301F-11D3-BF4B-00C04F79EFBC}") = "Tasker.Shared.Kernel", "src\shared\Tasker.Shared.Kernel\Tasker.Shared.Kernel.csproj", "{40D896F6-00DF-4E64-8324-3F0079277637}"
EndProject
Project("{2150E333-8FDC-42A3-9474-1A3956D46DE8}") = "services", "services", "{C549A181-3A69-409D-962C-AED0C6A92FE6}"
EndProject
Project("{2150E333-8FDC-42A3-9474-1A3956D46DE8}") = "Auth", "Auth", "{6BB23CDF-2534-40B3-A6B6-57AB1772A78E}"
EndProject
Project("{FAE04EC0-301F-11D3-BF4B-00C04F79EFBC}") = "Tasker.Auth.Api", "src\services\Auth\Tasker.Auth.Api\Tasker.Auth.Api.csproj", "{3CE828B7-E560-4613-BF7A-D94D48F0B4E1}"
EndProject
Project("{FAE04EC0-301F-11D3-BF4B-00C04F79EFBC}") = "Tasker.Auth.Application", "src\services\Auth\Tasker.Auth.Application\Tasker.Auth.Application.csproj", "{3A2B4A28-73F3-4BAC-B650-CE0C2096ABE4}"
EndProject
Project("{FAE04EC0-301F-11D3-BF4B-00C04F79EFBC}") = "Tasker.Auth.Domain", "src\services\Auth\Tasker.Auth.Domain\Tasker.Auth.Domain.csproj", "{21B46790-FE16-4B11-A377-13B5CBEC51CC}"
EndProject
Project("{FAE04EC0-301F-11D3-BF4B-00C04F79EFBC}") = "Tasker.Auth.Infrastructure", "src\services\Auth\Tasker.Auth.Infrastructure\Tasker.Auth.Infrastructure.csproj", "{0998E966-CA51-48FA-8C9D-2C0EFC5433D4}"
EndProject
Project("{2150E333-8FDC-42A3-9474-1A3956D46DE8}") = "BoardWrite", "BoardWrite", "{4602D94C-F3AE-409F-A333-5967B054A6D7}"
EndProject
Project("{FAE04EC0-301F-11D3-BF4B-00C04F79EFBC}") = "Tasker.BoardWrite.Api", "src\services\BoardWrite\Tasker.BoardWrite.Api\Tasker.BoardWrite.Api.csproj", "{AC5EA89D-F4A8-40E8-A2F1-4A0A59E0B077}"
EndProject
Project("{FAE04EC0-301F-11D3-BF4B-00C04F79EFBC}") = "Tasker.BoardWrite.Application", "src\services\BoardWrite\Tasker.BoardWrite.Application\Tasker.BoardWrite.Application.csproj", "{3EACBC49-20DA-4866-9C3F-115533E598A2}"
EndProject
Project("{FAE04EC0-301F-11D3-BF4B-00C04F79EFBC}") = "Tasker.BoardWrite.Domain", "src\services\BoardWrite\Tasker.BoardWrite.Domain\Tasker.BoardWrite.Domain.csproj", "{49F5039A-B711-49E2-9EED-C27BDD389251}"
EndProject
Project("{FAE04EC0-301F-11D3-BF4B-00C04F79EFBC}") = "Tasker.BoardWrite.Infrastructure", "src\services\BoardWrite\Tasker.BoardWrite.Infrastructure\Tasker.BoardWrite.Infrastructure.csproj", "{069B4875-6185-4FCA-8D69-C95202E04872}"
EndProject
Project("{2150E333-8FDC-42A3-9474-1A3956D46DE8}") = "BoardRead", "BoardRead", "{4CA2919D-061F-45B4-958C-5C92DEE469F5}"
EndProject
Project("{FAE04EC0-301F-11D3-BF4B-00C04F79EFBC}") = "Tasker.BoardRead.Api", "src\services\BoardRead\Tasker.BoardRead.Api\Tasker.BoardRead.Api.csproj", "{A1CB873F-2BFD-4ACB-8F69-173286B9F2AB}"
EndProject
Project("{FAE04EC0-301F-11D3-BF4B-00C04F79EFBC}") = "Tasker.BoardRead.Application", "src\services\BoardRead\Tasker.BoardRead.Application\Tasker.BoardRead.Application.csproj", "{DBCB15BE-3CC7-4D14-9256-F42C0BBBA87D}"
EndProject
Project("{FAE04EC0-301F-11D3-BF4B-00C04F79EFBC}") = "Tasker.BoardRead.Domain", "src\services\BoardRead\Tasker.BoardRead.Domain\Tasker.BoardRead.Domain.csproj", "{C4EA6ED9-7086-4761-A698-E0CBC60D6F63}"
EndProject
Project("{FAE04EC0-301F-11D3-BF4B-00C04F79EFBC}") = "Tasker.BoardRead.Infrastructure", "src\services\BoardRead\Tasker.BoardRead.Infrastructure\Tasker.BoardRead.Infrastructure.csproj", "{255C5F1E-6AE2-458D-8BED-BF3CD609C79A}"
EndProject
Project("{FAE04EC0-301F-11D3-BF4B-00C04F79EFBC}") = "Tasker.Shared.Kafka", "src\shared\Tasker.Shared.Kafka\Tasker.Shared.Kafka.csproj", "{F116007E-E770-4986-9813-812102C8E665}"
EndProject
Project("{FAE04EC0-301F-11D3-BF4B-00C04F79EFBC}") = "Tasker.Shared.Web", "src\shared\Tasker.Shared.Web\Tasker.Shared.Web.csproj", "{4EE9A863-1709-4728-88A3-6C3EB046D0E7}"
EndProject
Project("{FAE04EC0-301F-11D3-BF4B-00C04F79EFBC}") = "Tasker.Shared.ReadModel", "src\shared\Tasker.Shared.ReadModel\Tasker.Shared.ReadModel.csproj", "{3974216D-BFC3-4BA6-A2F0-42F0A47F2352}"
EndProject
Project("{2150E333-8FDC-42A3-9474-1A3956D46DE8}") = "tests", "tests", "{5E57910E-F22F-45E5-9594-150AB27CD7F9}"
EndProject
Project("{FAE04EC0-301F-11D3-BF4B-00C04F79EFBC}") = "Tasker.UnitTests", "tests\Tasker.UnitTests\Tasker.UnitTests.csproj", "{BFAED1F3-CB60-41F5-8579-5BB1C34E2437}"
EndProject
Project("{FAE04EC0-301F-11D3-BF4B-00C04F79EFBC}") = "Tasker.IntegrationTests", "tests\Tasker.IntegrationTests\Tasker.IntegrationTests.csproj", "{D55883E3-C788-4E68-BABF-EF413F04E56D}"
EndProject
Global
	GlobalSection(SolutionConfigurationPlatforms) = preSolution
		Debug|Any CPU = Debug|Any CPU
		Release|Any CPU = Release|Any CPU
	EndGlobalSection
	GlobalSection(SolutionProperties) = preSolution
		HideSolutionNode = FALSE
	EndGlobalSection
	GlobalSection(ProjectConfigurationPlatforms) = postSolution
		{CBA7DDBF-6380-40B0-A80D-A33B0DA26D2A}.Debug|Any CPU.ActiveCfg = Debug|Any CPU
		{CBA7DDBF-6380-40B0-A80D-A33B0DA26D2A}.Debug|Any CPU.Build.0 = Debug|Any CPU
		{CBA7DDBF-6380-40B0-A80D-A33B0DA26D2A}.Release|Any CPU.ActiveCfg = Release|Any CPU
		{CBA7DDBF-6380-40B0-A80D-A33B0DA26D2A}.Release|Any CPU.Build.0 = Release|Any CPU
		{40D896F6-00DF-4E64-8324-3F0079277637}.Debug|Any CPU.ActiveCfg = Debug|Any CPU
		{40D896F6-00DF-4E64-8324-3F0079277637}.Debug|Any CPU.Build.0 = Debug|Any CPU
		{40D896F6-00DF-4E64-8324-3F0079277637}.Release|Any CPU.ActiveCfg = Release|Any CPU
		{40D896F6-00DF-4E64-8324-3F0079277637}.Release|Any CPU.Build.0 = Release|Any CPU
		{3CE828B7-E560-4613-BF7A-D94D48F0B4E1}.Debug|Any CPU.ActiveCfg = Debug|Any CPU
		{3CE828B7-E560-4613-BF7A-D94D48F0B4E1}.Debug|Any CPU.Build.0 = Debug|Any CPU
		{3CE828B7-E560-4613-BF7A-D94D48F0B4E1}.Release|Any CPU.ActiveCfg = Release|Any CPU
		{3CE828B7-E560-4613-BF7A-D94D48F0B4E1}.Release|Any CPU.Build.0 = Release|Any CPU
		{3A2B4A28-73F3-4BAC-B650-CE0C2096ABE4}.Debug|Any CPU.ActiveCfg = Debug|Any CPU
		{3A2B4A28-73F3-4BAC-B650-CE0C2096ABE4}.Debug|Any CPU.Build.0 = Debug|Any CPU
		{3A2B4A28-73F3-4BAC-B650-CE0C2096ABE4}.Release|Any CPU.ActiveCfg = Release|Any CPU
		{3A2B4A28-73F3-4BAC-B650-CE0C2096ABE4}.Release|Any CPU.Build.0 = Release|Any CPU
		{21B46790-FE16-4B11-A377-13B5CBEC51CC}.Debug|Any CPU.ActiveCfg = Debug|Any CPU
		{21B46790-FE16-4B11-A377-13B5CBEC51CC}.Debug|Any CPU.Build.0 = Debug|Any CPU
		{21B46790-FE16-4B11-A377-13B5CBEC51CC}.Release|Any CPU.ActiveCfg = Release|Any CPU
		{21B46790-FE16-4B11-A377-13B5CBEC51CC}.Release|Any CPU.Build.0 = Release|Any CPU
		{0998E966-CA51-48FA-8C9D-2C0EFC5433D4}.Debug|Any CPU.ActiveCfg = Debug|Any CPU
		{0998E966-CA51-48FA-8C9D-2C0EFC5433D4}.Debug|Any CPU.Build.0 = Debug|Any CPU
		{0998E966-CA51-48FA-8C9D-2C0EFC5433D4}.Release|Any CPU.ActiveCfg = Release|Any CPU
		{0998E966-CA51-48FA-8C9D-2C0EFC5433D4}.Release|Any CPU.Build.0 = Release|Any CPU
		{AC5EA89D-F4A8-40E8-A2F1-4A0A59E0B077}.Debug|Any CPU.ActiveCfg = Debug|Any CPU
		{AC5EA89D-F4A8-40E8-A2F1-4A0A59E0B077}.Debug|Any CPU.Build.0 = Debug|Any CPU
		{AC5EA89D-F4A8-40E8-A2F1-4A0A59E0B077}.Release|Any CPU.ActiveCfg = Release|Any CPU
		{AC5EA89D-F4A8-40E8-A2F1-4A0A59E0B077}.Release|Any CPU.Build.0 = Release|Any CPU
		{3EACBC49-20DA-4866-9C3F-115533E598A2}.Debug|Any CPU.ActiveCfg = Debug|Any CPU
		{3EACBC49-20DA-4866-9C3F-115533E598A2}.Debug|Any CPU.Build.0 = Debug|Any CPU
		{3EACBC49-20DA-4866-9C3F-115533E598A2}.Release|Any CPU.ActiveCfg = Release|Any CPU
		{3EACBC49-20DA-4866-9C3F-115533E598A2}.Release|Any CPU.Build.0 = Release|Any CPU
		{49F5039A-B711-49E2-9EED-C27BDD389251}.Debug|Any CPU.ActiveCfg = Debug|Any CPU
		{49F5039A-B711-49E2-9EED-C27BDD389251}.Debug|Any CPU.Build.0 = Debug|Any CPU
		{49F5039A-B711-49E2-9EED-C27BDD389251}.Release|Any CPU.ActiveCfg = Release|Any CPU
		{49F5039A-B711-49E2-9EED-C27BDD389251}.Release|Any CPU.Build.0 = Release|Any CPU
		{069B4875-6185-4FCA-8D69-C95202E04872}.Debug|Any CPU.ActiveCfg = Debug|Any CPU
		{069B4875-6185-4FCA-8D69-C95202E04872}.Debug|Any CPU.Build.0 = Debug|Any CPU
		{069B4875-6185-4FCA-8D69-C95202E04872}.Release|Any CPU.ActiveCfg = Release|Any CPU
		{069B4875-6185-4FCA-8D69-C95202E04872}.Release|Any CPU.Build.0 = Release|Any CPU
		{A1CB873F-2BFD-4ACB-8F69-173286B9F2AB}.Debug|Any CPU.ActiveCfg = Debug|Any CPU
		{A1CB873F-2BFD-4ACB-8F69-173286B9F2AB}.Debug|Any CPU.Build.0 = Debug|Any CPU
		{A1CB873F-2BFD-4ACB-8F69-173286B9F2AB}.Release|Any CPU.ActiveCfg = Release|Any CPU
		{A1CB873F-2BFD-4ACB-8F69-173286B9F2AB}.Release|Any CPU.Build.0 = Release|Any CPU
		{DBCB15BE-3CC7-4D14-9256-F42C0BBBA87D}.Debug|Any CPU.ActiveCfg = Debug|Any CPU
		{DBCB15BE-3CC7-4D14-9256-F42C0BBBA87D}.Debug|Any CPU.Build.0 = Debug|Any CPU
		{DBCB15BE-3CC7-4D14-9256-F42C0BBBA87D}.Release|Any CPU.ActiveCfg = Release|Any CPU
		{DBCB15BE-3CC7-4D14-9256-F42C0BBBA87D}.Release|Any CPU.Build.0 = Release|Any CPU
		{C4EA6ED9-7086-4761-A698-E0CBC60D6F63}.Debug|Any CPU.ActiveCfg = Debug|Any CPU
		{C4EA6ED9-7086-4761-A698-E0CBC60D6F63}.Debug|Any CPU.Build.0 = Debug|Any CPU
		{C4EA6ED9-7086-4761-A698-E0CBC60D6F63}.Release|Any CPU.ActiveCfg = Release|Any CPU
		{C4EA6ED9-7086-4761-A698-E0CBC60D6F63}.Release|Any CPU.Build.0 = Release|Any CPU
		{255C5F1E-6AE2-458D-8BED-BF3CD609C79A}.Debug|Any CPU.ActiveCfg = Debug|Any CPU
		{255C5F1E-6AE2-458D-8BED-BF3CD609C79A}.Debug|Any CPU.Build.0 = Debug|Any CPU
		{255C5F1E-6AE2-458D-8BED-BF3CD609C79A}.Release|Any CPU.ActiveCfg = Release|Any CPU
		{255C5F1E-6AE2-458D-8BED-BF3CD609C79A}.Release|Any CPU.Build.0 = Release|Any CPU
		{F116007E-E770-4986-9813-812102C8E665}.Debug|Any CPU.ActiveCfg = Debug|Any CPU
		{F116007E-E770-4986-9813-812102C8E665}.Debug|Any CPU.Build.0 = Debug|Any CPU
		{F116007E-E770-4986-9813-812102C8E665}.Release|Any CPU.ActiveCfg = Release|Any CPU
		{F116007E-E770-4986-9813-812102C8E665}.Release|Any CPU.Build.0 = Release|Any CPU
		{4EE9A863-1709-4728-88A3-6C3EB046D0E7}.Debug|Any CPU.ActiveCfg = Debug|Any CPU
		{4EE9A863-1709-4728-88A3-6C3EB046D0E7}.Debug|Any CPU.Build.0 = Debug|Any CPU
		{4EE9A863-1709-4728-88A3-6C3EB046D0E7}.Release|Any CPU.ActiveCfg = Release|Any CPU
		{4EE9A863-1709-4728-88A3-6C3EB046D0E7}.Release|Any CPU.Build.0 = Release|Any CPU
		{3974216D-BFC3-4BA6-A2F0-42F0A47F2352}.Debug|Any CPU.ActiveCfg = Debug|Any CPU
		{3974216D-BFC3-4BA6-A2F0-42F0A47F2352}.Debug|Any CPU.Build.0 = Debug|Any CPU
		{3974216D-BFC3-4BA6-A2F0-42F0A47F2352}.Release|Any CPU.ActiveCfg = Release|Any CPU
		{3974216D-BFC3-4BA6-A2F0-42F0A47F2352}.Release|Any CPU.Build.0 = Release|Any CPU
		{BFAED1F3-CB60-41F5-8579-5BB1C34E2437}.Debug|Any CPU.ActiveCfg = Debug|Any CPU
		{BFAED1F3-CB60-41F5-8579-5BB1C34E2437}.Debug|Any CPU.Build.0 = Debug|Any CPU
		{BFAED1F3-CB60-41F5-8579-5BB1C34E2437}.Release|Any CPU.ActiveCfg = Release|Any CPU
		{BFAED1F3-CB60-41F5-8579-5BB1C34E2437}.Release|Any CPU.Build.0 = Release|Any CPU
		{D55883E3-C788-4E68-BABF-EF413F04E56D}.Debug|Any CPU.ActiveCfg = Debug|Any CPU
		{D55883E3-C788-4E68-BABF-EF413F04E56D}.Debug|Any CPU.Build.0 = Debug|Any CPU
		{D55883E3-C788-4E68-BABF-EF413F04E56D}.Release|Any CPU.ActiveCfg = Release|Any CPU
		{D55883E3-C788-4E68-BABF-EF413F04E56D}.Release|Any CPU.Build.0 = Release|Any CPU
	EndGlobalSection
	GlobalSection(NestedProjects) = preSolution
		{16D879E1-0FD0-4AC2-92E0-3D61493327BF} = {5ACAF300-C0F5-41D5-931C-6286FB67B4F6}
		{CBA7DDBF-6380-40B0-A80D-A33B0DA26D2A} = {16D879E1-0FD0-4AC2-92E0-3D61493327BF}
		{AFE10B25-6F09-419E-95FB-38E2E51D19D0} = {5ACAF300-C0F5-41D5-931C-6286FB67B4F6}
		{40D896F6-00DF-4E64-8324-3F0079277637} = {AFE10B25-6F09-419E-95FB-38E2E51D19D0}
		{C549A181-3A69-409D-962C-AED0C6A92FE6} = {5ACAF300-C0F5-41D5-931C-6286FB67B4F6}
		{6BB23CDF-2534-40B3-A6B6-57AB1772A78E} = {C549A181-3A69-409D-962C-AED0C6A92FE6}
		{3CE828B7-E560-4613-BF7A-D94D48F0B4E1} = {6BB23CDF-2534-40B3-A6B6-57AB1772A78E}
		{3A2B4A28-73F3-4BAC-B650-CE0C2096ABE4} = {6BB23CDF-2534-40B3-A6B6-57AB1772A78E}
		{21B46790-FE16-4B11-A377-13B5CBEC51CC} = {6BB23CDF-2534-40B3-A6B6-57AB1772A78E}
		{0998E966-CA51-48FA-8C9D-2C0EFC5433D4} = {6BB23CDF-2534-40B3-A6B6-57AB1772A78E}
		{4602D94C-F3AE-409F-A333-5967B054A6D7} = {C549A181-3A69-409D-962C-AED0C6A92FE6}
		{AC5EA89D-F4A8-40E8-A2F1-4A0A59E0B077} = {4602D94C-F3AE-409F-A333-5967B054A6D7}
		{3EACBC49-20DA-4866-9C3F-115533E598A2} = {4602D94C-F3AE-409F-A333-5967B054A6D7}
		{49F5039A-B711-49E2-9EED-C27BDD389251} = {4602D94C-F3AE-409F-A333-5967B054A6D7}
		{069B4875-6185-4FCA-8D69-C95202E04872} = {4602D94C-F3AE-409F-A333-5967B054A6D7}
		{4CA2919D-061F-45B4-958C-5C92DEE469F5} = {C549A181-3A69-409D-962C-AED0C6A92FE6}
		{A1CB873F-2BFD-4ACB-8F69-173286B9F2AB} = {4CA2919D-061F-45B4-958C-5C92DEE469F5}
		{DBCB15BE-3CC7-4D14-9256-F42C0BBBA87D} = {4CA2919D-061F-45B4-958C-5C92DEE469F5}
		{C4EA6ED9-7086-4761-A698-E0CBC60D6F63} = {4CA2919D-061F-45B4-958C-5C92DEE469F5}
		{255C5F1E-6AE2-458D-8BED-BF3CD609C79A} = {4CA2919D-061F-45B4-958C-5C92DEE469F5}
		{F116007E-E770-4986-9813-812102C8E665} = {AFE10B25-6F09-419E-95FB-38E2E51D19D0}
		{4EE9A863-1709-4728-88A3-6C3EB046D0E7} = {AFE10B25-6F09-419E-95FB-38E2E51D19D0}
		{3974216D-BFC3-4BA6-A2F0-42F0A47F2352} = {AFE10B25-6F09-419E-95FB-38E2E51D19D0}
		{BFAED1F3-CB60-41F5-8579-5BB1C34E2437} = {5E57910E-F22F-45E5-9594-150AB27CD7F9}
		{D55883E3-C788-4E68-BABF-EF413F04E56D} = {5E57910E-F22F-45E5-9594-150AB27CD7F9}
	EndGlobalSection
EndGlobal
