
Microsoft Visual Studio Solution File, Format Version 12.00
# Visual Studio Version 17
VisualStudioVersion = 17.0.31903.59
MinimumVisualStudioVersion = 10.0.40219.1
Project("{2150E333-8FDC-42A3-9474-1A3956D46DE8}") = "src", "src", "{1656DE9D-0FCA-4F37-8F8C-90375EBDD85B}"
EndProject
Project("{FAE04EC0-301F-11D3-BF4B-00C04F79EFBC}") = "Tasker.Api", "src\Tasker.Api\Tasker.Api.csproj", "{DE782F94-1094-41E1-ADFB-812040674823}"
EndProject
Project("{FAE04EC0-301F-11D3-BF4B-00C04F79EFBC}") = "Tasker.Core", "src\Tasker.Core\Tasker.Core.csproj", "{E20A8FFA-9639-401C-B49E-C79434CD5614}"
EndProject
Project("{FAE04EC0-301F-11D3-BF4B-00C04F79EFBC}") = "Tasker.Data", "src\Tasker.Data\Tasker.Data.csproj", "{DCD05D1E-1BDB-403A-9BEC-5C1459BC76C0}"
EndProject
Project("{FAE04EC0-301F-11D3-BF4B-00C04F79EFBC}") = "Tasker.Web", "src\Tasker.Web\Tasker.Web.csproj", "{A0A0A300-C477-4F31-9B24-30FA0A7229DD}"
EndProject
Project("{2150E333-8FDC-42A3-9474-1A3956D46DE8}") = "tests", "tests", "{C51F97E3-B4C5-49C8-ADA7-14FF36C2B31E}"
EndProject
Project("{FAE04EC0-301F-11D3-BF4B-00C04F79EFBC}") = "Tasker.UnitTests", "tests\Tasker.UnitTests\Tasker.UnitTests.csproj", "{49FECD82-0D40-4A1C-9585-99B2934DE4D5}"
EndProject
Global
	GlobalSection(SolutionConfigurationPlatforms) = preSolution
		Debug|Any CPU = Debug|Any CPU
		Release|Any CPU = Release|Any CPU
	EndGlobalSection
	GlobalSection(SolutionProperties) = preSolution
		HideSolutionNode = FALSE
	EndGlobalSection
	GlobalSection(ProjectConfigurationPlatforms) = postSolution
		{DE782F94-1094-41E1-ADFB-812040674823}.Debug|Any CPU.ActiveCfg = Debug|Any CPU
		{DE782F94-1094-41E1-ADFB-812040674823}.Debug|Any CPU.Build.0 = Debug|Any CPU
		{DE782F94-1094-41E1-ADFB-812040674823}.Release|Any CPU.ActiveCfg = Release|Any CPU
		{DE782F94-1094-41E1-ADFB-812040674823}.Release|Any CPU.Build.0 = Release|Any CPU
		{E20A8FFA-9639-401C-B49E-C79434CD5614}.Debug|Any CPU.ActiveCfg = Debug|Any CPU
		{E20A8FFA-9639-401C-B49E-C79434CD5614}.Debug|Any CPU.Build.0 = Debug|Any CPU
		{E20A8FFA-9639-401C-B49E-C79434CD5614}.Release|Any CPU.ActiveCfg = Release|Any CPU
		{E20A8FFA-9639-401C-B49E-C79434CD5614}.Release|Any CPU.Build.0 = Release|Any CPU
		{DCD05D1E-1BDB-403A-9BEC-5C1459BC76C0}.Debug|Any CPU.ActiveCfg = Debug|Any CPU
		{DCD05D1E-1BDB-403A-9BEC-5C1459BC76C0}.Debug|Any CPU.Build.0 = Debug|Any CPU
		{DCD05D1E-1BDB-403A-9BEC-5C1459BC76C0}.Release|Any CPU.ActiveCfg = Release|Any CPU
		{DCD05D1E-1BDB-403A-9BEC-5C1459BC76C0}.Release|Any CPU.Build.0 = Release|Any CPU
		{A0A0A300-C477-4F31-9B24-30FA0A7229DD}.Debug|Any CPU.ActiveCfg = Debug|Any CPU
		{A0A0A300-C477-4F31-9B24-30FA0A7229DD}.Debug|Any CPU.Build.0 = Debug|Any CPU
		{A0A0A300-C477-4F31-9B24-30FA0A7229DD}.Release|Any CPU.ActiveCfg = Release|Any CPU
		{A0A0A300-C477-4F31-9B24-30FA0A7229DD}.Release|Any CPU.Build.0 = Release|Any CPU
		{49FECD82-0D40-4A1C-9585-99B2934DE4D5}.Debug|Any CPU.ActiveCfg = Debug|Any CPU
		{49FECD82-0D40-4A1C-9585-99B2934DE4D5}.Debug|Any CPU.Build.0 = Debug|Any CPU
		{49FECD82-0D40-4A1C-9585-99B2934DE4D5}.Release|Any CPU.ActiveCfg = Release|Any CPU
		{49FECD82-0D40-4A1C-9585-99B2934DE4D5}.Release|Any CPU.Build.0 = Release|Any CPU
	EndGlobalSection
	GlobalSection(NestedProjects) = preSolution
		{DE782F94-1094-41E1-ADFB-812040674823} = {1656DE9D-0FCA-4F37-8F8C-90375EBDD85B}
		{E20A8FFA-9639-401C-B49E-C79434CD5614} = {1656DE9D-0FCA-4F37-8F8C-90375EBDD85B}
		{DCD05D1E-1BDB-403A-9BEC-5C1459BC76C0} = {1656DE9D-0FCA-4F37-8F8C-90375EBDD85B}
		{A0A0A300-C477-4F31-9B24-30FA0A7229DD} = {1656DE9D-0FCA-4F37-8F8C-90375EBDD85B}
		{49FECD82-0D40-4A1C-9585-99B2934DE4D5} = {C51F97E3-B4C5-49C8-ADA7-14FF36C2B31E}
	EndGlobalSection
EndGlobal
