
Microsoft Visual Studio Solution File, Format Version 12.00
# Visual Studio Version 17
VisualStudioVersion = 17.0.31903.59
MinimumVisualStudioVersion = 10.0.40219.1
Project("{2150E333-8FDC-42A3-9474-1A3956D46DE8}") = "src", "src", "{5ACAF300-C0F5-41D5-931C-6286FB67B4F6}"
EndProject
Project("{2150E333-8FDC-42A3-9474-1A3956D46DE8}") = "contracts", "contracts", "{16D879E1-0FD0-4AC2-92E0-3D61493327BF}"
EndProject
Project("{FAE04EC0-301F-11D3-BF4B-00C04F79EFBC}") = "Tasker.Contracts", "src\contracts\Tasker.Contracts\Tasker.Contracts.csproj", "{CBA7DDBF-6380-40B0-A80D-A33B0DA26D2A}"
EndProject
Project("{2150E333-8FDC-42A3-9474-1A3956D46DE8}") = "shared", "shared", "{AFE10B25-6F09-419E-95FB-38E2E51D19D0}"
EndProject
Project("{FAE04EC0-301F-11D3-BF4B-00C04F79EFBC}") = "Tasker.Shared.Kernel", "src\shared\Tasker.Shared.Kernel\Tasker.Shared.Kernel.csproj", "{40D896F6-00DF-4E64-8324-3F0079277637}"
EndProject
Project("{2150E333-8FDC-42A3-9474-1A3956D46DE8}") = "services", "services", "{C549A181-3A69-409D-962C-AED0C6A92FE6}"
EndProject
Project("{2150E333-8FDC-42A3-9474-1A3956D46DE8}") = "Auth", "Auth", "{6BB23CDF-2534-40B3-A6B6-57AB1772A78E}"
EndProject
Project("{FAE04EC0-301F-11D3-BF4B-00C04F79EFBC}") = "Tasker.Auth.Api", "src\services\Auth\Tasker.Auth.Api\Tasker.Auth.Api.csproj", "{3CE828B7-E560-4613-BF7A-D94D48F0B4E1}"
EndProject
Project("{FAE04EC0-301F-11D3-BF4B-00C04F79EFBC}") = "Tasker.Auth.Application", "src\services\Auth\Tasker.Auth.Application\Tasker.Auth.Application.csproj", "{3A2B4A28-73F3-4BAC-B650-CE0C2096ABE4}"
EndProject
Project("{FAE04EC0-301F-11D3-BF4B-00C04F79EFBC}") = "Tasker.Auth.Domain", "src\services\Auth\Tasker.Auth.Domain\Tasker.Auth.Domain.csproj", "{21B46790-FE16-4B11-A377-13B5CBEC51CC}"
EndProject
Project("{FAE04EC0-301F-11D3-BF4B-00C04F79EFBC}") = "Tasker.Auth.Infrastructure", "src\services\Auth\Tasker.Auth.Infrastructure\Tasker.Auth.Infrastructure.csproj", "{0998E966-CA51-48FA-8C9D-2C0EFC5433D4}"
EndProject
Project("{2150E333-8FDC-42A3-9474-1A3956D46DE8}") = "BoardWrite", "BoardWrite", "{4602D94C-F3AE-409F-A333-5967B054A6D7}"
EndProject
Project("{FAE04EC0-301F-11D3-BF4B-00C04F79EFBC}") = "Tasker.BoardWrite.Api", "src\services\BoardWrite\Tasker.BoardWrite.Api\Tasker.BoardWrite.Api.csproj", "{AC5EA89D-F4A8-40E8-A2F1-4A0A59E0B077}"
EndProject
Project("{FAE04EC0-301F-11D3-BF4B-00C04F79EFBC}") = "Tasker.BoardWrite.Application", "src\services\BoardWrite\Tasker.BoardWrite.Application\Tasker.BoardWrite.Application.csproj", "{3EACBC49-20DA-4866-9C3F-115533E598A2}"
EndProject
Project("{FAE04EC0-301F-11D3-BF4B-00C04F79EFBC}") = "Tasker.BoardWrite.Domain", "src\services\BoardWrite\Tasker.BoardWrite.Domain\Tasker.BoardWrite.Domain.csproj", "{49F5039A-B711-49E2-9EED-C27BDD389251}"
EndProject
Project("{FAE04EC0-301F-11D3-BF4B-00C04F79EFBC}") = "Tasker.BoardWrite.Infrastructure", "src\services\BoardWrite\Tasker.BoardWrite.Infrastructure\Tasker.BoardWrite.Infrastructure.csproj", "{069B4875-6185-4FCA-8D69-C95202E04872}"
EndProject
Project("{2150E333-8FDC-42A3-9474-1A3956D46DE8}") = "BoardRead", "BoardRead", "{4CA2919D-061F-45B4-958C-5C92DEE469F5}"
EndProject
Project("{FAE04EC0-301F-11D3-BF4B-00C04F79EFBC}") = "Tasker.BoardRead.Api", "src\services\BoardRead\Tasker.BoardRead.Api\Tasker.BoardRead.Api.csproj", "{A1CB873F-2BFD-4ACB-8F69-173286B9F2AB}"
EndProject
Project("{FAE04EC0-301F-11D3-BF4B-00C04F79EFBC}") = "Tasker.BoardRead.Application", "src\services\BoardRead\Tasker.BoardRead.Application\Tasker.BoardRead.Application.csproj", "{DBCB15BE-3CC7-4D14-9256-F42C0BBBA87D}"
EndProject
Project("{FAE04EC0-301F-11D3-BF4B-00C04F79EFBC}") = "Tasker.BoardRead.Domain", "src\services\BoardRead\Tasker.BoardRead.Domain\Tasker.BoardRead.Domain.csproj", "{C4EA6ED9-7086-4761-A698-E0CBC60D6F63}"
EndProject
Project("{FAE04EC0-301F-11D3-BF4B-00C04F79EFBC}") = "Tasker.BoardRead.Infrastructure", "src\services\BoardRead\Tasker.BoardRead.Infrastructure\Tasker.BoardRead.Infrastructure.csproj", "{255C5F1E-6AE2-458D-8BED-BF3CD609C79A}"
EndProject
Project("{2150E333-8FDC-42A3-9474-1A3956D46DE8}") = "Outbox", "Outbox", "{5E705750-5E9E-4C3E-A329-4834B0309638}"
EndProject
Project("{FAE04EC0-301F-11D3-BF4B-00C04F79EFBC}") = "Tasker.Outbox.Api", "src\services\Outbox\Tasker.Outbox.Api\Tasker.Outbox.Api.csproj", "{78BC0C48-8865-473F-BCD8-887B65626ACD}"
EndProject
Project("{FAE04EC0-301F-11D3-BF4B-00C04F79EFBC}") = "Tasker.Outbox.Application", "src\services\Outbox\Tasker.Outbox.Application\Tasker.Outbox.Application.csproj", "{B559A181-6364-4DF7-BEA7-D05D8651970F}"
EndProject
Project("{FAE04EC0-301F-11D3-BF4B-00C04F79EFBC}") = "Tasker.Outbox.Domain", "src\services\Outbox\Tasker.Outbox.Domain\Tasker.Outbox.Domain.csproj", "{2F214901-CD49-420A-8F22-491FF230D36F}"
EndProject
Project("{FAE04EC0-301F-11D3-BF4B-00C04F79EFBC}") = "Tasker.Outbox.Infrastructure", "src\services\Outbox\Tasker.Outbox.Infrastructure\Tasker.Outbox.Infrastructure.csproj", "{37D905BA-A31A-42A3-BAE7-7EB83C074734}"
EndProject
Project("{2150E333-8FDC-42A3-9474-1A3956D46DE8}") = "Projector", "Projector", "{D55AEFED-B38F-459F-802B-D9F97CCF0ECF}"
EndProject
Project("{FAE04EC0-301F-11D3-BF4B-00C04F79EFBC}") = "Tasker.Projector.Api", "src\services\Projector\Tasker.Projector.Api\Tasker.Projector.Api.csproj", "{A968203D-37E1-4912-A050-61219BF16CAA}"
EndProject
Project("{FAE04EC0-301F-11D3-BF4B-00C04F79EFBC}") = "Tasker.Projector.Application", "src\services\Projector\Tasker.Projector.Application\Tasker.Projector.Application.csproj", "{4B8E1AFB-D382-4DCB-977D-59F7DE09EA09}"
EndProject
Project("{FAE04EC0-301F-11D3-BF4B-00C04F79EFBC}") = "Tasker.Projector.Domain", "src\services\Projector\Tasker.Projector.Domain\Tasker.Projector.Domain.csproj", "{17E7EEC0-3D3D-4E41-B3D4-2D69FD7180A3}"
EndProject
Project("{FAE04EC0-301F-11D3-BF4B-00C04F79EFBC}") = "Tasker.Projector.Infrastructure", "src\services\Projector\Tasker.Projector.Infrastructure\Tasker.Projector.Infrastructure.csproj", "{D51399E6-410C-4262-9B57-F5E2F7D0A94E}"
EndProject
Project("{2150E333-8FDC-42A3-9474-1A3956D46DE8}") = "Ui", "Ui", "{CD23043A-5031-4C73-B410-48629BDAE902}"
EndProject
Project("{FAE04EC0-301F-11D3-BF4B-00C04F79EFBC}") = "Tasker.Ui.Blazor", "src\services\Ui\Tasker.Ui.Blazor\Tasker.Ui.Blazor.csproj", "{BC190079-CB7B-4681-AE3B-462F30D77814}"
EndProject
Project("{FAE04EC0-301F-11D3-BF4B-00C04F79EFBC}") = "Tasker.Shared.Kafka", "src\shared\Tasker.Shared.Kafka\Tasker.Shared.Kafka.csproj", "{F116007E-E770-4986-9813-812102C8E665}"
EndProject
Global
	GlobalSection(SolutionConfigurationPlatforms) = preSolution
		Debug|Any CPU = Debug|Any CPU
		Release|Any CPU = Release|Any CPU
	EndGlobalSection
	GlobalSection(SolutionProperties) = preSolution
		HideSolutionNode = FALSE
	EndGlobalSection
	GlobalSection(ProjectConfigurationPlatforms) = postSolution
		{CBA7DDBF-6380-40B0-A80D-A33B0DA26D2A}.Debug|Any CPU.ActiveCfg = Debug|Any CPU
		{CBA7DDBF-6380-40B0-A80D-A33B0DA26D2A}.Debug|Any CPU.Build.0 = Debug|Any CPU
		{CBA7DDBF-6380-40B0-A80D-A33B0DA26D2A}.Release|Any CPU.ActiveCfg = Release|Any CPU
		{CBA7DDBF-6380-40B0-A80D-A33B0DA26D2A}.Release|Any CPU.Build.0 = Release|Any CPU
		{40D896F6-00DF-4E64-8324-3F0079277637}.Debug|Any CPU.ActiveCfg = Debug|Any CPU
		{40D896F6-00DF-4E64-8324-3F0079277637}.Debug|Any CPU.Build.0 = Debug|Any CPU
		{40D896F6-00DF-4E64-8324-3F0079277637}.Release|Any CPU.ActiveCfg = Release|Any CPU
		{40D896F6-00DF-4E64-8324-3F0079277637}.Release|Any CPU.Build.0 = Release|Any CPU
		{3CE828B7-E560-4613-BF7A-D94D48F0B4E1}.Debug|Any CPU.ActiveCfg = Debug|Any CPU
		{3CE828B7-E560-4613-BF7A-D94D48F0B4E1}.Debug|Any CPU.Build.0 = Debug|Any CPU
		{3CE828B7-E560-4613-BF7A-D94D48F0B4E1}.Release|Any CPU.ActiveCfg = Release|Any CPU
		{3CE828B7-E560-4613-BF7A-D94D48F0B4E1}.Release|Any CPU.Build.0 = Release|Any CPU
		{3A2B4A28-73F3-4BAC-B650-CE0C2096ABE4}.Debug|Any CPU.ActiveCfg = Debug|Any CPU
		{3A2B4A28-73F3-4BAC-B650-CE0C2096ABE4}.Debug|Any CPU.Build.0 = Debug|Any CPU
		{3A2B4A28-73F3-4BAC-B650-CE0C2096ABE4}.Release|Any CPU.ActiveCfg = Release|Any CPU
		{3A2B4A28-73F3-4BAC-B650-CE0C2096ABE4}.Release|Any CPU.Build.0 = Release|Any CPU
		{21B46790-FE16-4B11-A377-13B5CBEC51CC}.Debug|Any CPU.ActiveCfg = Debug|Any CPU
		{21B46790-FE16-4B11-A377-13B5CBEC51CC}.Debug|Any CPU.Build.0 = Debug|Any CPU
		{21B46790-FE16-4B11-A377-13B5CBEC51CC}.Release|Any CPU.ActiveCfg = Release|Any CPU
		{21B46790-FE16-4B11-A377-13B5CBEC51CC}.Release|Any CPU.Build.0 = Release|Any CPU
		{0998E966-CA51-48FA-8C9D-2C0EFC5433D4}.Debug|Any CPU.ActiveCfg = Debug|Any CPU
		{0998E966-CA51-48FA-8C9D-2C0EFC5433D4}.Debug|Any CPU.Build.0 = Debug|Any CPU
		{0998E966-CA51-48FA-8C9D-2C0EFC5433D4}.Release|Any CPU.ActiveCfg = Release|Any CPU
		{0998E966-CA51-48FA-8C9D-2C0EFC5433D4}.Release|Any CPU.Build.0 = Release|Any CPU
		{AC5EA89D-F4A8-40E8-A2F1-4A0A59E0B077}.Debug|Any CPU.ActiveCfg = Debug|Any CPU
		{AC5EA89D-F4A8-40E8-A2F1-4A0A59E0B077}.Debug|Any CPU.Build.0 = Debug|Any CPU
		{AC5EA89D-F4A8-40E8-A2F1-4A0A59E0B077}.Release|Any CPU.ActiveCfg = Release|Any CPU
		{AC5EA89D-F4A8-40E8-A2F1-4A0A59E0B077}.Release|Any CPU.Build.0 = Release|Any CPU
		{3EACBC49-20DA-4866-9C3F-115533E598A2}.Debug|Any CPU.ActiveCfg = Debug|Any CPU
		{3EACBC49-20DA-4866-9C3F-115533E598A2}.Debug|Any CPU.Build.0 = Debug|Any CPU
		{3EACBC49-20DA-4866-9C3F-115533E598A2}.Release|Any CPU.ActiveCfg = Release|Any CPU
		{3EACBC49-20DA-4866-9C3F-115533E598A2}.Release|Any CPU.Build.0 = Release|Any CPU
		{49F5039A-B711-49E2-9EED-C27BDD389251}.Debug|Any CPU.ActiveCfg = Debug|Any CPU
		{49F5039A-B711-49E2-9EED-C27BDD389251}.Debug|Any CPU.Build.0 = Debug|Any CPU
		{49F5039A-B711-49E2-9EED-C27BDD389251}.Release|Any CPU.ActiveCfg = Release|Any CPU
		{49F5039A-B711-49E2-9EED-C27BDD389251}.Release|Any CPU.Build.0 = Release|Any CPU
		{069B4875-6185-4FCA-8D69-C95202E04872}.Debug|Any CPU.ActiveCfg = Debug|Any CPU
		{069B4875-6185-4FCA-8D69-C95202E04872}.Debug|Any CPU.Build.0 = Debug|Any CPU
		{069B4875-6185-4FCA-8D69-C95202E04872}.Release|Any CPU.ActiveCfg = Release|Any CPU
		{069B4875-6185-4FCA-8D69-C95202E04872}.Release|Any CPU.Build.0 = Release|Any CPU
		{A1CB873F-2BFD-4ACB-8F69-173286B9F2AB}.Debug|Any CPU.ActiveCfg = Debug|Any CPU
		{A1CB873F-2BFD-4ACB-8F69-173286B9F2AB}.Debug|Any CPU.Build.0 = Debug|Any CPU
		{A1CB873F-2BFD-4ACB-8F69-173286B9F2AB}.Release|Any CPU.ActiveCfg = Release|Any CPU
		{A1CB873F-2BFD-4ACB-8F69-173286B9F2AB}.Release|Any CPU.Build.0 = Release|Any CPU
		{DBCB15BE-3CC7-4D14-9256-F42C0BBBA87D}.Debug|Any CPU.ActiveCfg = Debug|Any CPU
		{DBCB15BE-3CC7-4D14-9256-F42C0BBBA87D}.Debug|Any CPU.Build.0 = Debug|Any CPU
		{DBCB15BE-3CC7-4D14-9256-F42C0BBBA87D}.Release|Any CPU.ActiveCfg = Release|Any CPU
		{DBCB15BE-3CC7-4D14-9256-F42C0BBBA87D}.Release|Any CPU.Build.0 = Release|Any CPU
		{C4EA6ED9-7086-4761-A698-E0CBC60D6F63}.Debug|Any CPU.ActiveCfg = Debug|Any CPU
		{C4EA6ED9-7086-4761-A698-E0CBC60D6F63}.Debug|Any CPU.Build.0 = Debug|Any CPU
		{C4EA6ED9-7086-4761-A698-E0CBC60D6F63}.Release|Any CPU.ActiveCfg = Release|Any CPU
		{C4EA6ED9-7086-4761-A698-E0CBC60D6F63}.Release|Any CPU.Build.0 = Release|Any CPU
		{255C5F1E-6AE2-458D-8BED-BF3CD609C79A}.Debug|Any CPU.ActiveCfg = Debug|Any CPU
		{255C5F1E-6AE2-458D-8BED-BF3CD609C79A}.Debug|Any CPU.Build.0 = Debug|Any CPU
		{255C5F1E-6AE2-458D-8BED-BF3CD609C79A}.Release|Any CPU.ActiveCfg = Release|Any CPU
		{255C5F1E-6AE2-458D-8BED-BF3CD609C79A}.Release|Any CPU.Build.0 = Release|Any CPU
		{78BC0C48-8865-473F-BCD8-887B65626ACD}.Debug|Any CPU.ActiveCfg = Debug|Any CPU
		{78BC0C48-8865-473F-BCD8-887B65626ACD}.Debug|Any CPU.Build.0 = Debug|Any CPU
		{78BC0C48-8865-473F-BCD8-887B65626ACD}.Release|Any CPU.ActiveCfg = Release|Any CPU
		{78BC0C48-8865-473F-BCD8-887B65626ACD}.Release|Any CPU.Build.0 = Release|Any CPU
		{B559A181-6364-4DF7-BEA7-D05D8651970F}.Debug|Any CPU.ActiveCfg = Debug|Any CPU
		{B559A181-6364-4DF7-BEA7-D05D8651970F}.Debug|Any CPU.Build.0 = Debug|Any CPU
		{B559A181-6364-4DF7-BEA7-D05D8651970F}.Release|Any CPU.ActiveCfg = Release|Any CPU
		{B559A181-6364-4DF7-BEA7-D05D8651970F}.Release|Any CPU.Build.0 = Release|Any CPU
		{2F214901-CD49-420A-8F22-491FF230D36F}.Debug|Any CPU.ActiveCfg = Debug|Any CPU
		{2F214901-CD49-420A-8F22-491FF230D36F}.Debug|Any CPU.Build.0 = Debug|Any CPU
		{2F214901-CD49-420A-8F22-491FF230D36F}.Release|Any CPU.ActiveCfg = Release|Any CPU
		{2F214901-CD49-420A-8F22-491FF230D36F}.Release|Any CPU.Build.0 = Release|Any CPU
		{37D905BA-A31A-42A3-BAE7-7EB83C074734}.Debug|Any CPU.ActiveCfg = Debug|Any CPU
		{37D905BA-A31A-42A3-BAE7-7EB83C074734}.Debug|Any CPU.Build.0 = Debug|Any CPU
		{37D905BA-A31A-42A3-BAE7-7EB83C074734}.Release|Any CPU.ActiveCfg = Release|Any CPU
		{37D905BA-A31A-42A3-BAE7-7EB83C074734}.Release|Any CPU.Build.0 = Release|Any CPU
		{A968203D-37E1-4912-A050-61219BF16CAA}.Debug|Any CPU.ActiveCfg = Debug|Any CPU
		{A968203D-37E1-4912-A050-61219BF16CAA}.Debug|Any CPU.Build.0 = Debug|Any CPU
		{A968203D-37E1-4912-A050-61219BF16CAA}.Release|Any CPU.ActiveCfg = Release|Any CPU
		{A968203D-37E1-4912-A050-61219BF16CAA}.Release|Any CPU.Build.0 = Release|Any CPU
		{4B8E1AFB-D382-4DCB-977D-59F7DE09EA09}.Debug|Any CPU.ActiveCfg = Debug|Any CPU
		{4B8E1AFB-D382-4DCB-977D-59F7DE09EA09}.Debug|Any CPU.Build.0 = Debug|Any CPU
		{4B8E1AFB-D382-4DCB-977D-59F7DE09EA09}.Release|Any CPU.ActiveCfg = Release|Any CPU
		{4B8E1AFB-D382-4DCB-977D-59F7DE09EA09}.Release|Any CPU.Build.0 = Release|Any CPU
		{17E7EEC0-3D3D-4E41-B3D4-2D69FD7180A3}.Debug|Any CPU.ActiveCfg = Debug|Any CPU
		{17E7EEC0-3D3D-4E41-B3D4-2D69FD7180A3}.Debug|Any CPU.Build.0 = Debug|Any CPU
		{17E7EEC0-3D3D-4E41-B3D4-2D69FD7180A3}.Release|Any CPU.ActiveCfg = Release|Any CPU
		{17E7EEC0-3D3D-4E41-B3D4-2D69FD7180A3}.Release|Any CPU.Build.0 = Release|Any CPU
		{D51399E6-410C-4262-9B57-F5E2F7D0A94E}.Debug|Any CPU.ActiveCfg = Debug|Any CPU
		{D51399E6-410C-4262-9B57-F5E2F7D0A94E}.Debug|Any CPU.Build.0 = Debug|Any CPU
		{D51399E6-410C-4262-9B57-F5E2F7D0A94E}.Release|Any CPU.ActiveCfg = Release|Any CPU
		{D51399E6-410C-4262-9B57-F5E2F7D0A94E}.Release|Any CPU.Build.0 = Release|Any CPU
		{BC190079-CB7B-4681-AE3B-462F30D77814}.Debug|Any CPU.ActiveCfg = Debug|Any CPU
		{BC190079-CB7B-4681-AE3B-462F30D77814}.Debug|Any CPU.Build.0 = Debug|Any CPU
		{BC190079-CB7B-4681-AE3B-462F30D77814}.Release|Any CPU.ActiveCfg = Release|Any CPU
		{BC190079-CB7B-4681-AE3B-462F30D77814}.Release|Any CPU.Build.0 = Release|Any CPU
		{F116007E-E770-4986-9813-812102C8E665}.Debug|Any CPU.ActiveCfg = Debug|Any CPU
		{F116007E-E770-4986-9813-812102C8E665}.Debug|Any CPU.Build.0 = Debug|Any CPU
		{F116007E-E770-4986-9813-812102C8E665}.Release|Any CPU.ActiveCfg = Release|Any CPU
		{F116007E-E770-4986-9813-812102C8E665}.Release|Any CPU.Build.0 = Release|Any CPU
	EndGlobalSection
	GlobalSection(NestedProjects) = preSolution
		{16D879E1-0FD0-4AC2-92E0-3D61493327BF} = {5ACAF300-C0F5-41D5-931C-6286FB67B4F6}
		{CBA7DDBF-6380-40B0-A80D-A33B0DA26D2A} = {16D879E1-0FD0-4AC2-92E0-3D61493327BF}
		{AFE10B25-6F09-419E-95FB-38E2E51D19D0} = {5ACAF300-C0F5-41D5-931C-6286FB67B4F6}
		{40D896F6-00DF-4E64-8324-3F0079277637} = {AFE10B25-6F09-419E-95FB-38E2E51D19D0}
		{C549A181-3A69-409D-962C-AED0C6A92FE6} = {5ACAF300-C0F5-41D5-931C-6286FB67B4F6}
		{6BB23CDF-2534-40B3-A6B6-57AB1772A78E} = {C549A181-3A69-409D-962C-AED0C6A92FE6}
		{3CE828B7-E560-4613-BF7A-D94D48F0B4E1} = {6BB23CDF-2534-40B3-A6B6-57AB1772A78E}
		{3A2B4A28-73F3-4BAC-B650-CE0C2096ABE4} = {6BB23CDF-2534-40B3-A6B6-57AB1772A78E}
		{21B46790-FE16-4B11-A377-13B5CBEC51CC} = {6BB23CDF-2534-40B3-A6B6-57AB1772A78E}
		{0998E966-CA51-48FA-8C9D-2C0EFC5433D4} = {6BB23CDF-2534-40B3-A6B6-57AB1772A78E}
		{4602D94C-F3AE-409F-A333-5967B054A6D7} = {C549A181-3A69-409D-962C-AED0C6A92FE6}
		{AC5EA89D-F4A8-40E8-A2F1-4A0A59E0B077} = {4602D94C-F3AE-409F-A333-5967B054A6D7}
		{3EACBC49-20DA-4866-9C3F-115533E598A2} = {4602D94C-F3AE-409F-A333-5967B054A6D7}
		{49F5039A-B711-49E2-9EED-C27BDD389251} = {4602D94C-F3AE-409F-A333-5967B054A6D7}
		{069B4875-6185-4FCA-8D69-C95202E04872} = {4602D94C-F3AE-409F-A333-5967B054A6D7}
		{4CA2919D-061F-45B4-958C-5C92DEE469F5} = {C549A181-3A69-409D-962C-AED0C6A92FE6}
		{A1CB873F-2BFD-4ACB-8F69-173286B9F2AB} = {4CA2919D-061F-45B4-958C-5C92DEE469F5}
		{DBCB15BE-3CC7-4D14-9256-F42C0BBBA87D} = {4CA2919D-061F-45B4-958C-5C92DEE469F5}
		{C4EA6ED9-7086-4761-A698-E0CBC60D6F63} = {4CA2919D-061F-45B4-958C-5C92DEE469F5}
		{255C5F1E-6AE2-458D-8BED-BF3CD609C79A} = {4CA2919D-061F-45B4-958C-5C92DEE469F5}
		{5E705750-5E9E-4C3E-A329-4834B0309638} = {C549A181-3A69-409D-962C-AED0C6A92FE6}
		{78BC0C48-8865-473F-BCD8-887B65626ACD} = {5E705750-5E9E-4C3E-A329-4834B0309638}
		{B559A181-6364-4DF7-BEA7-D05D8651970F} = {5E705750-5E9E-4C3E-A329-4834B0309638}
		{2F214901-CD49-420A-8F22-491FF230D36F} = {5E705750-5E9E-4C3E-A329-4834B0309638}
		{37D905BA-A31A-42A3-BAE7-7EB83C074734} = {5E705750-5E9E-4C3E-A329-4834B0309638}
		{D55AEFED-B38F-459F-802B-D9F97CCF0ECF} = {C549A181-3A69-409D-962C-AED0C6A92FE6}
		{A968203D-37E1-4912-A050-61219BF16CAA} = {D55AEFED-B38F-459F-802B-D9F97CCF0ECF}
		{4B8E1AFB-D382-4DCB-977D-59F7DE09EA09} = {D55AEFED-B38F-459F-802B-D9F97CCF0ECF}
		{17E7EEC0-3D3D-4E41-B3D4-2D69FD7180A3} = {D55AEFED-B38F-459F-802B-D9F97CCF0ECF}
		{D51399E6-410C-4262-9B57-F5E2F7D0A94E} = {D55AEFED-B38F-459F-802B-D9F97CCF0ECF}
		{CD23043A-5031-4C73-B410-48629BDAE902} = {C549A181-3A69-409D-962C-AED0C6A92FE6}
		{BC190079-CB7B-4681-AE3B-462F30D77814} = {CD23043A-5031-4C73-B410-48629BDAE902}
		{F116007E-E770-4986-9813-812102C8E665} = {AFE10B25-6F09-419E-95FB-38E2E51D19D0}
	EndGlobalSection
EndGlobal
